// !$*UTF8*$!
{
	archiveVersion = 1;
	classes = {
	};
	objectVersion = 77;
	objects = {

/* Begin PBXBuildFile section */
		8E1A10012FCD000100000001 /* ../idle-01.usdz in Resources */ = {isa = PBXBuildFile; fileRef = 8E1A10042FCD000100000001 /* ../idle-01.usdz */; };
		8E1A10022FCD000100000001 /* ../idle-turn-right-01.usdz in Resources */ = {isa = PBXBuildFile; fileRef = 8E1A10052FCD000100000001 /* ../idle-turn-right-01.usdz */; };
		8E1A10032FCD000100000001 /* ../unstable-walk.usdz in Resources */ = {isa = PBXBuildFile; fileRef = 8E1A10062FCD000100000001 /* ../unstable-walk.usdz */; };
		8E1A10092FCD000100000001 /* ARKit.framework in Frameworks */ = {isa = PBXBuildFile; fileRef = 8E1A10072FCD000100000001 /* ARKit.framework */; };
		8E1A100A2FCD000100000001 /* RealityKit.framework in Frameworks */ = {isa = PBXBuildFile; fileRef = 8E1A10082FCD000100000001 /* RealityKit.framework */; };
		8E1A100E2FCD000100000001 /* ../idle-turn-right-02.usdz in Resources */ = {isa = PBXBuildFile; fileRef = 8E1A100D2FCD000100000001 /* ../idle-turn-right-02.usdz */; };
		8E1A10102FCD000100000001 /* Gravitas Plague/AnimationLibrary in Resources */ = {isa = PBXBuildFile; fileRef = 8E1A100F2FCD000100000001 /* Gravitas Plague/AnimationLibrary */; };
		8E1A10112FCD000100000001 /* ../dad_biped.usdz in Resources */ = {isa = PBXBuildFile; fileRef = 8E1A10122FCD000100000001 /* ../dad_biped.usdz */; };
		8E1A10132FCD000100000001 /* ../GravitasPlagueBackgroundLoop.wav in Resources */ = {isa = PBXBuildFile; fileRef = 8E1A10182FCD000100000001 /* ../GravitasPlagueBackgroundLoop.wav */; };
		8E1A10142FCD000100000001 /* ../Narrow-band-analog.wav in Resources */ = {isa = PBXBuildFile; fileRef = 8E1A10192FCD000100000001 /* ../Narrow-band-analog.wav */; };
		8E1A10152FCD000100000001 /* ../Create_a_short_emerg_beeping.wav in Resources */ = {isa = PBXBuildFile; fileRef = 8E1A101A2FCD000100000001 /* ../Create_a_short_emerg_beeping.wav */; };
		8E1A10162FCD000100000001 /* ../EmergencyBroadcast.mp3 in Resources */ = {isa = PBXBuildFile; fileRef = 8E1A101B2FCD000100000001 /* ../EmergencyBroadcast.mp3 */; };
		8E1A10172FCD000100000001 /* ../face-punch_mixdown.wav in Resources */ = {isa = PBXBuildFile; fileRef = 8E1A101C2FCD000100000001 /* ../face-punch_mixdown.wav */; };
		8E1A101D2FCD000100000001 /* ../dad_breathing.wav in Resources */ = {isa = PBXBuildFile; fileRef = 8E1A101E2FCD000100000001 /* ../dad_breathing.wav */; };
		8E1A10202FCD000100000001 /* ../damaged-01.wav in Resources */ = {isa = PBXBuildFile; fileRef = 8E1A10242FCD000100000001 /* ../damaged-01.wav */; };
		8E1A10212FCD000100000001 /* ../damaged-02.wav in Resources */ = {isa = PBXBuildFile; fileRef = 8E1A10252FCD000100000001 /* ../damaged-02.wav */; };
		8E1A10222FCD000100000001 /* ../damaged-03.wav in Resources */ = {isa = PBXBuildFile; fileRef = 8E1A10262FCD000100000001 /* ../damaged-03.wav */; };
		8E1A10232FCD000100000001 /* ../damaged-04.wav in Resources */ = {isa = PBXBuildFile; fileRef = 8E1A10272FCD000100000001 /* ../damaged-04.wav */; };
		8E1A10282FCD000100000001 /* ../die_01.wav in Resources */ = {isa = PBXBuildFile; fileRef = 8E1A102B2FCD000100000001 /* ../die_01.wav */; };
		8E1A10292FCD000100000001 /* ../die_02.wav in Resources */ = {isa = PBXBuildFile; fileRef = 8E1A102C2FCD000100000001 /* ../die_02.wav */; };
		8E1A102A2FCD000100000001 /* ../you_died.png in Resources */ = {isa = PBXBuildFile; fileRef = 8E1A102D2FCD000100000001 /* ../you_died.png */; };
		8E1A102E2FCD000100000001 /* ../neighbor_biped.usdz in Resources */ = {isa = PBXBuildFile; fileRef = 8E1A102F2FCD000100000001 /* ../neighbor_biped.usdz */; };
		8E1A10302FCD000100000001 /* ../spouse_biped.usdz in Resources */ = {isa = PBXBuildFile; fileRef = 8E1A10312FCD000100000001 /* ../spouse_biped.usdz */; };
		8E1A10322FCD000100000001 /* ../biker_biped.usdz in Resources */ = {isa = PBXBuildFile; fileRef = 8E1A10332FCD000100000001 /* ../biker_biped.usdz */; };
		8E1A10342FCD000100000001 /* ../grandma_biped.usdz in Resources */ = {isa = PBXBuildFile; fileRef = 8E1A10352FCD000100000001 /* ../grandma_biped.usdz */; };
		8E1A10362FCD000100000001 /* ../plague_menu_ui_clean.png in Resources */ = {isa = PBXBuildFile; fileRef = 8E1A10372FCD000100000001 /* ../plague_menu_ui_clean.png */; };
		8E1A10382FCD000100000001 /* ../plague_menu_ui_mockup.png in Resources */ = {isa = PBXBuildFile; fileRef = 8E1A10392FCD000100000001 /* ../plague_menu_ui_mockup.png */; };
		8E1A103A2FCD000100000001 /* ../plague_menu_horde_button.png in Resources */ = {isa = PBXBuildFile; fileRef = 8E1A103B2FCD000100000001 /* ../plague_menu_horde_button.png */; };
		8E1A103C2FCD000100000001 /* ../plague_menu_walk_button.png in Resources */ = {isa = PBXBuildFile; fileRef = 8E1A103D2FCD000100000001 /* ../plague_menu_walk_button.png */; };
		8E1A103E2FCD000100000001 /* ../robot_biped.usdz in Resources */ = {isa = PBXBuildFile; fileRef = 8E1A103F2FCD000100000001 /* ../robot_biped.usdz */; };
		8E1A10412FCD000100000001 /* ../forest-overcast-01.ply in Resources */ = {isa = PBXBuildFile; fileRef = 8E1A10402FCD000100000001 /* ../forest-overcast-01.ply */; };
		8E1A10432FCD000100000001 /* ../forest-overcast-01.exr in Resources */ = {isa = PBXBuildFile; fileRef = 8E1A10422FCD000100000001 /* ../forest-overcast-01.exr */; };
		8E1A10452FCD000100000001 /* ../forest-night-01.ply in Resources */ = {isa = PBXBuildFile; fileRef = 8E1A10442FCD000100000001 /* ../forest-night-01.ply */; };
		8E1A10472FCD000100000001 /* ../forest-night-01.exr in Resources */ = {isa = PBXBuildFile; fileRef = 8E1A10462FCD000100000001 /* ../forest-night-01.exr */; };
		8E1A10492FCD000100000001 /* ../hellscape_01.exr in Resources */ = {isa = PBXBuildFile; fileRef = 8E1A10482FCD000100000001 /* ../hellscape_01.exr */; };
		8E1A104B2FCD000100000001 /* ../hellscape_groundplane.png in Resources */ = {isa = PBXBuildFile; fileRef = 8E1A104A2FCD000100000001 /* ../hellscape_groundplane.png */; };
		8E1A104D2FCD000100000001 /* ../kill_switch_x.png in Resources */ = {isa = PBXBuildFile; fileRef = 8E1A104C2FCD000100000001 /* ../kill_switch_x.png */; };
		8E1A104E2FCD000100000001 /* GameKit.framework in Frameworks */ = {isa = PBXBuildFile; fileRef = 8E1A104F2FCD000100000001 /* GameKit.framework */; };
		8E1A10502FCD000100000001 /* ../trophy_sticker.png in Resources */ = {isa = PBXBuildFile; fileRef = 8E1A10512FCD000100000001 /* ../trophy_sticker.png */; };
		8E1A10612FCD000100000001 /* Gravitas Plague/PortalGlyphs in Resources */ = {isa = PBXBuildFile; fileRef = 8E1A10602FCD000100000001 /* Gravitas Plague/PortalGlyphs */; };
/* End PBXBuildFile section */

/* Begin PBXContainerItemProxy section */
		2D78FE3E2FCCF44B0063708B /* PBXContainerItemProxy */ = {
			isa = PBXContainerItemProxy;
			containerPortal = 2D78FE282FCCF44A0063708B /* Project object */;
			proxyType = 1;
			remoteGlobalIDString = 2D78FE2F2FCCF44A0063708B;
			remoteInfo = "Gravitas Plague";
		};
		2D78FE482FCCF44B0063708B /* PBXContainerItemProxy */ = {
			isa = PBXContainerItemProxy;
			containerPortal = 2D78FE282FCCF44A0063708B /* Project object */;
			proxyType = 1;
			remoteGlobalIDString = 2D78FE2F2FCCF44A0063708B;
			remoteInfo = "Gravitas Plague";
		};
/* End PBXContainerItemProxy section */

/* Begin PBXFileReference section */
		2D78FE302FCCF44A0063708B /* Gravitas Plague.app */ = {isa = PBXFileReference; explicitFileType = wrapper.application; includeInIndex = 0; path = "Gravitas Plague.app"; sourceTree = BUILT_PRODUCTS_DIR; };
		2D78FE3D2FCCF44B0063708B /* Gravitas PlagueTests.xctest */ = {isa = PBXFileReference; explicitFileType = wrapper.cfbundle; includeInIndex = 0; path = "Gravitas PlagueTests.xctest"; sourceTree = BUILT_PRODUCTS_DIR; };
		2D78FE472FCCF44B0063708B /* Gravitas PlagueUITests.xctest */ = {isa = PBXFileReference; explicitFileType = wrapper.cfbundle; includeInIndex = 0; path = "Gravitas PlagueUITests.xctest"; sourceTree = BUILT_PRODUCTS_DIR; };
		8E1A10042FCD000100000001 /* ../idle-01.usdz */ = {isa = PBXFileReference; lastKnownFileType = file; path = "../idle-01.usdz"; sourceTree = SOURCE_ROOT; };
		8E1A10052FCD000100000001 /* ../idle-turn-right-01.usdz */ = {isa = PBXFileReference; lastKnownFileType = file; path = "../idle-turn-right-01.usdz"; sourceTree = SOURCE_ROOT; };
		8E1A10062FCD000100000001 /* ../unstable-walk.usdz */ = {isa = PBXFileReference; lastKnownFileType = file; path = "../unstable-walk.usdz"; sourceTree = SOURCE_ROOT; };
		8E1A10072FCD000100000001 /* ARKit.framework */ = {isa = PBXFileReference; lastKnownFileType = wrapper.framework; name = ARKit.framework; path = System/Library/Frameworks/ARKit.framework; sourceTree = SDKROOT; };
		8E1A10082FCD000100000001 /* RealityKit.framework */ = {isa = PBXFileReference; lastKnownFileType = wrapper.framework; name = RealityKit.framework; path = System/Library/Frameworks/RealityKit.framework; sourceTree = SDKROOT; };
		8E1A100D2FCD000100000001 /* ../idle-turn-right-02.usdz */ = {isa = PBXFileReference; lastKnownFileType = file; path = "../idle-turn-right-02.usdz"; sourceTree = SOURCE_ROOT; };
		8E1A100F2FCD000100000001 /* Gravitas Plague/AnimationLibrary */ = {isa = PBXFileReference; lastKnownFileType = folder; path = "Gravitas Plague/AnimationLibrary"; sourceTree = SOURCE_ROOT; };
		8E1A10122FCD000100000001 /* ../dad_biped.usdz */ = {isa = PBXFileReference; lastKnownFileType = file; path = ../dad_biped.usdz; sourceTree = SOURCE_ROOT; };
		8E1A10182FCD000100000001 /* ../GravitasPlagueBackgroundLoop.wav */ = {isa = PBXFileReference; lastKnownFileType = audio.wav; path = ../GravitasPlagueBackgroundLoop.wav; sourceTree = SOURCE_ROOT; };
		8E1A10192FCD000100000001 /* ../Narrow-band-analog.wav */ = {isa = PBXFileReference; lastKnownFileType = audio.wav; path = "../Narrow-band-analog.wav"; sourceTree = SOURCE_ROOT; };
		8E1A101A2FCD000100000001 /* ../Create_a_short_emerg_beeping.wav */ = {isa = PBXFileReference; lastKnownFileType = audio.wav; path = ../Create_a_short_emerg_beeping.wav; sourceTree = SOURCE_ROOT; };
		8E1A101B2FCD000100000001 /* ../EmergencyBroadcast.mp3 */ = {isa = PBXFileReference; lastKnownFileType = audio.mp3; path = ../EmergencyBroadcast.mp3; sourceTree = SOURCE_ROOT; };
		8E1A101C2FCD000100000001 /* ../face-punch_mixdown.wav */ = {isa = PBXFileReference; lastKnownFileType = audio.wav; path = "../face-punch_mixdown.wav"; sourceTree = SOURCE_ROOT; };
		8E1A101E2FCD000100000001 /* ../dad_breathing.wav */ = {isa = PBXFileReference; lastKnownFileType = audio.wav; path = ../dad_breathing.wav; sourceTree = SOURCE_ROOT; };
		8E1A10242FCD000100000001 /* ../damaged-01.wav */ = {isa = PBXFileReference; lastKnownFileType = audio.wav; path = "../damaged-01.wav"; sourceTree = SOURCE_ROOT; };
		8E1A10252FCD000100000001 /* ../damaged-02.wav */ = {isa = PBXFileReference; lastKnownFileType = audio.wav; path = "../damaged-02.wav"; sourceTree = SOURCE_ROOT; };
		8E1A10262FCD000100000001 /* ../damaged-03.wav */ = {isa = PBXFileReference; lastKnownFileType = audio.wav; path = "../damaged-03.wav"; sourceTree = SOURCE_ROOT; };
		8E1A10272FCD000100000001 /* ../damaged-04.wav */ = {isa = PBXFileReference; lastKnownFileType = audio.wav; path = "../damaged-04.wav"; sourceTree = SOURCE_ROOT; };
		8E1A102B2FCD000100000001 /* ../die_01.wav */ = {isa = PBXFileReference; lastKnownFileType = audio.wav; path = ../die_01.wav; sourceTree = SOURCE_ROOT; };
		8E1A102C2FCD000100000001 /* ../die_02.wav */ = {isa = PBXFileReference; lastKnownFileType = audio.wav; path = ../die_02.wav; sourceTree = SOURCE_ROOT; };
		8E1A102D2FCD000100000001 /* ../you_died.png */ = {isa = PBXFileReference; lastKnownFileType = image.png; path = ../you_died.png; sourceTree = SOURCE_ROOT; };
		8E1A102F2FCD000100000001 /* ../neighbor_biped.usdz */ = {isa = PBXFileReference; lastKnownFileType = file; path = ../neighbor_biped.usdz; sourceTree = SOURCE_ROOT; };
		8E1A10312FCD000100000001 /* ../spouse_biped.usdz */ = {isa = PBXFileReference; lastKnownFileType = file; path = ../spouse_biped.usdz; sourceTree = SOURCE_ROOT; };
		8E1A10332FCD000100000001 /* ../biker_biped.usdz */ = {isa = PBXFileReference; lastKnownFileType = file; path = ../biker_biped.usdz; sourceTree = SOURCE_ROOT; };
		8E1A10352FCD000100000001 /* ../grandma_biped.usdz */ = {isa = PBXFileReference; lastKnownFileType = file; path = ../grandma_biped.usdz; sourceTree = SOURCE_ROOT; };
		8E1A10372FCD000100000001 /* ../plague_menu_ui_clean.png */ = {isa = PBXFileReference; lastKnownFileType = image.png; path = ../plague_menu_ui_clean.png; sourceTree = SOURCE_ROOT; };
		8E1A10392FCD000100000001 /* ../plague_menu_ui_mockup.png */ = {isa = PBXFileReference; lastKnownFileType = image.png; path = ../plague_menu_ui_mockup.png; sourceTree = SOURCE_ROOT; };
		8E1A103B2FCD000100000001 /* ../plague_menu_horde_button.png */ = {isa = PBXFileReference; lastKnownFileType = image.png; path = ../plague_menu_horde_button.png; sourceTree = SOURCE_ROOT; };
		8E1A103D2FCD000100000001 /* ../plague_menu_walk_button.png */ = {isa = PBXFileReference; lastKnownFileType = image.png; path = ../plague_menu_walk_button.png; sourceTree = SOURCE_ROOT; };
		8E1A103F2FCD000100000001 /* ../robot_biped.usdz */ = {isa = PBXFileReference; lastKnownFileType = file; path = ../robot_biped.usdz; sourceTree = SOURCE_ROOT; };
		8E1A10402FCD000100000001 /* ../forest-overcast-01.ply */ = {isa = PBXFileReference; lastKnownFileType = file; path = "../forest-overcast-01.ply"; sourceTree = SOURCE_ROOT; };
		8E1A10422FCD000100000001 /* ../forest-overcast-01.exr */ = {isa = PBXFileReference; lastKnownFileType = file; path = "../forest-overcast-01.exr"; sourceTree = SOURCE_ROOT; };
		8E1A10442FCD000100000001 /* ../forest-night-01.ply */ = {isa = PBXFileReference; lastKnownFileType = file; path = "../forest-night-01.ply"; sourceTree = SOURCE_ROOT; };
		8E1A10462FCD000100000001 /* ../forest-night-01.exr */ = {isa = PBXFileReference; lastKnownFileType = file; path = "../forest-night-01.exr"; sourceTree = SOURCE_ROOT; };
		8E1A10482FCD000100000001 /* ../hellscape_01.exr */ = {isa = PBXFileReference; lastKnownFileType = file; path = ../hellscape_01.exr; sourceTree = SOURCE_ROOT; };
		8E1A104A2FCD000100000001 /* ../hellscape_groundplane.png */ = {isa = PBXFileReference; lastKnownFileType = image.png; path = ../hellscape_groundplane.png; sourceTree = SOURCE_ROOT; };
		8E1A104C2FCD000100000001 /* ../kill_switch_x.png */ = {isa = PBXFileReference; lastKnownFileType = image.png; path = ../kill_switch_x.png; sourceTree = SOURCE_ROOT; };
		8E1A104F2FCD000100000001 /* GameKit.framework */ = {isa = PBXFileReference; lastKnownFileType = wrapper.framework; name = GameKit.framework; path = System/Library/Frameworks/GameKit.framework; sourceTree = SDKROOT; };
		8E1A10512FCD000100000001 /* ../trophy_sticker.png */ = {isa = PBXFileReference; lastKnownFileType = image.png; path = ../trophy_sticker.png; sourceTree = SOURCE_ROOT; };
		8E1A10602FCD000100000001 /* Gravitas Plague/PortalGlyphs */ = {isa = PBXFileReference; lastKnownFileType = folder; path = "Gravitas Plague/PortalGlyphs"; sourceTree = SOURCE_ROOT; };
/* End PBXFileReference section */

/* Begin PBXFileSystemSynchronizedRootGroup section */
		2D78FE322FCCF44A0063708B /* Gravitas Plague */ = {
			isa = PBXFileSystemSynchronizedRootGroup;
			path = "Gravitas Plague";
			sourceTree = "<group>";
		};
		2D78FE402FCCF44B0063708B /* Gravitas PlagueTests */ = {
			isa = PBXFileSystemSynchronizedRootGroup;
			path = "Gravitas PlagueTests";
			sourceTree = "<group>";
		};
		2D78FE4A2FCCF44B0063708B /* Gravitas PlagueUITests */ = {
			isa = PBXFileSystemSynchronizedRootGroup;
			path = "Gravitas PlagueUITests";
			sourceTree = "<group>";
		};
/* End PBXFileSystemSynchronizedRootGroup section */

/* Begin PBXFrameworksBuildPhase section */
		2D78FE2D2FCCF44A0063708B /* Frameworks */ = {
			isa = PBXFrameworksBuildPhase;
			buildActionMask = 2147483647;
			files = (
				8E1A10092FCD000100000001 /* ARKit.framework in Frameworks */,
				8E1A100A2FCD000100000001 /* RealityKit.framework in Frameworks */,
				8E1A104E2FCD000100000001 /* GameKit.framework in Frameworks */,
			);
			runOnlyForDeploymentPostprocessing = 0;
		};
		2D78FE3A2FCCF44B0063708B /* Frameworks */ = {
			isa = PBXFrameworksBuildPhase;
			buildActionMask = 2147483647;
			files = (
			);
			runOnlyForDeploymentPostprocessing = 0;
		};
		2D78FE442FCCF44B0063708B /* Frameworks */ = {
			isa = PBXFrameworksBuildPhase;
			buildActionMask = 2147483647;
			files = (
			);
			runOnlyForDeploymentPostprocessing = 0;
		};
/* End PBXFrameworksBuildPhase section */

/* Begin PBXGroup section */
		2D78FE272FCCF44A0063708B = {
			isa = PBXGroup;
			children = (
				2D78FE322FCCF44A0063708B /* Gravitas Plague */,
				2D78FE402FCCF44B0063708B /* Gravitas PlagueTests */,
				2D78FE4A2FCCF44B0063708B /* Gravitas PlagueUITests */,
				8E1A100C2FCD000100000001 /* Phase One Assets */,
				8E1A100B2FCD000100000001 /* Frameworks */,
				2D78FE312FCCF44A0063708B /* Products */,
			);
			sourceTree = "<group>";
		};
		2D78FE312FCCF44A0063708B /* Products */ = {
			isa = PBXGroup;
			children = (
				2D78FE302FCCF44A0063708B /* Gravitas Plague.app */,
				2D78FE3D2FCCF44B0063708B /* Gravitas PlagueTests.xctest */,
				2D78FE472FCCF44B0063708B /* Gravitas PlagueUITests.xctest */,
			);
			name = Products;
			sourceTree = "<group>";
		};
		8E1A100B2FCD000100000001 /* Frameworks */ = {
			isa = PBXGroup;
			children = (
				8E1A10072FCD000100000001 /* ARKit.framework */,
				8E1A10082FCD000100000001 /* RealityKit.framework */,
				8E1A104F2FCD000100000001 /* GameKit.framework */,
			);
			name = Frameworks;
			sourceTree = "<group>";
		};
		8E1A100C2FCD000100000001 /* Phase One Assets */ = {
			isa = PBXGroup;
			children = (
				8E1A10042FCD000100000001 /* ../idle-01.usdz */,
				8E1A10052FCD000100000001 /* ../idle-turn-right-01.usdz */,
				8E1A100D2FCD000100000001 /* ../idle-turn-right-02.usdz */,
				8E1A10062FCD000100000001 /* ../unstable-walk.usdz */,
				8E1A10122FCD000100000001 /* ../dad_biped.usdz */,
				8E1A10312FCD000100000001 /* ../spouse_biped.usdz */,
				8E1A10332FCD000100000001 /* ../biker_biped.usdz */,
				8E1A10352FCD000100000001 /* ../grandma_biped.usdz */,
				8E1A102F2FCD000100000001 /* ../neighbor_biped.usdz */,
				8E1A103F2FCD000100000001 /* ../robot_biped.usdz */,
				8E1A10372FCD000100000001 /* ../plague_menu_ui_clean.png */,
				8E1A10392FCD000100000001 /* ../plague_menu_ui_mockup.png */,
				8E1A103B2FCD000100000001 /* ../plague_menu_horde_button.png */,
				8E1A103D2FCD000100000001 /* ../plague_menu_walk_button.png */,
				8E1A10402FCD000100000001 /* ../forest-overcast-01.ply */,
				8E1A10422FCD000100000001 /* ../forest-overcast-01.exr */,
				8E1A10442FCD000100000001 /* ../forest-night-01.ply */,
				8E1A10462FCD000100000001 /* ../forest-night-01.exr */,
				8E1A10482FCD000100000001 /* ../hellscape_01.exr */,
				8E1A104A2FCD000100000001 /* ../hellscape_groundplane.png */,
				8E1A104C2FCD000100000001 /* ../kill_switch_x.png */,
				8E1A10512FCD000100000001 /* ../trophy_sticker.png */,
				8E1A10602FCD000100000001 /* Gravitas Plague/PortalGlyphs */,
				8E1A100F2FCD000100000001 /* Gravitas Plague/AnimationLibrary */,
				8E1A10182FCD000100000001 /* ../GravitasPlagueBackgroundLoop.wav */,
				8E1A10192FCD000100000001 /* ../Narrow-band-analog.wav */,
				8E1A101A2FCD000100000001 /* ../Create_a_short_emerg_beeping.wav */,
				8E1A101B2FCD000100000001 /* ../EmergencyBroadcast.mp3 */,
				8E1A101C2FCD000100000001 /* ../face-punch_mixdown.wav */,
				8E1A101E2FCD000100000001 /* ../dad_breathing.wav */,
				8E1A10242FCD000100000001 /* ../damaged-01.wav */,
				8E1A10252FCD000100000001 /* ../damaged-02.wav */,
				8E1A10262FCD000100000001 /* ../damaged-03.wav */,
				8E1A10272FCD000100000001 /* ../damaged-04.wav */,
				8E1A102B2FCD000100000001 /* ../die_01.wav */,
				8E1A102C2FCD000100000001 /* ../die_02.wav */,
				8E1A102D2FCD000100000001 /* ../you_died.png */,
			);
			name = "Phase One Assets";
			sourceTree = "<group>";
		};
/* End PBXGroup section */

/* Begin PBXNativeTarget section */
		2D78FE2F2FCCF44A0063708B /* Gravitas Plague */ = {
			isa = PBXNativeTarget;
			buildConfigurationList = 2D78FE512FCCF44B0063708B /* Build configuration list for PBXNativeTarget "Gravitas Plague" */;
			buildPhases = (
				8E1A10522FCD000100000001 /* Validate Character Audio Routing */,
				2D78FE2C2FCCF44A0063708B /* Sources */,
				2D78FE2D2FCCF44A0063708B /* Frameworks */,
				2D78FE2E2FCCF44A0063708B /* Resources */,
			);
			buildRules = (
			);
			dependencies = (
			);
			fileSystemSynchronizedGroups = (
				2D78FE322FCCF44A0063708B /* Gravitas Plague */,
			);
			name = "Gravitas Plague";
			packageProductDependencies = (
			);
			productName = "Gravitas Plague";
			productReference = 2D78FE302FCCF44A0063708B /* Gravitas Plague.app */;
			productType = "com.apple.product-type.application";
		};
		2D78FE3C2FCCF44B0063708B /* Gravitas PlagueTests */ = {
			isa = PBXNativeTarget;
			buildConfigurationList = 2D78FE542FCCF44B0063708B /* Build configuration list for PBXNativeTarget "Gravitas PlagueTests" */;
			buildPhases = (
				2D78FE392FCCF44B0063708B /* Sources */,
				2D78FE3A2FCCF44B0063708B /* Frameworks */,
				2D78FE3B2FCCF44B0063708B /* Resources */,
			);
			buildRules = (
			);
			dependencies = (
				2D78FE3F2FCCF44B0063708B /* PBXTargetDependency */,
			);
			fileSystemSynchronizedGroups = (
				2D78FE402FCCF44B0063708B /* Gravitas PlagueTests */,
			);
			name = "Gravitas PlagueTests";
			packageProductDependencies = (
			);
			productName = "Gravitas PlagueTests";
			productReference = 2D78FE3D2FCCF44B0063708B /* Gravitas PlagueTests.xctest */;
			productType = "com.apple.product-type.bundle.unit-test";
		};
		2D78FE462FCCF44B0063708B /* Gravitas PlagueUITests */ = {
			isa = PBXNativeTarget;
			buildConfigurationList = 2D78FE572FCCF44B0063708B /* Build configuration list for PBXNativeTarget "Gravitas PlagueUITests" */;
			buildPhases = (
				2D78FE432FCCF44B0063708B /* Sources */,
				2D78FE442FCCF44B0063708B /* Frameworks */,
				2D78FE452FCCF44B0063708B /* Resources */,
			);
			buildRules = (
			);
			dependencies = (
				2D78FE492FCCF44B0063708B /* PBXTargetDependency */,
			);
			fileSystemSynchronizedGroups = (
				2D78FE4A2FCCF44B0063708B /* Gravitas PlagueUITests */,
			);
			name = "Gravitas PlagueUITests";
			packageProductDependencies = (
			);
			productName = "Gravitas PlagueUITests";
			productReference = 2D78FE472FCCF44B0063708B /* Gravitas PlagueUITests.xctest */;
			productType = "com.apple.product-type.bundle.ui-testing";
		};
/* End PBXNativeTarget section */

/* Begin PBXProject section */
		2D78FE282FCCF44A0063708B /* Project object */ = {
			isa = PBXProject;
			attributes = {
				BuildIndependentTargetsInParallel = 1;
				LastSwiftUpdateCheck = 2610;
				LastUpgradeCheck = 2610;
				TargetAttributes = {
					2D78FE2F2FCCF44A0063708B = {
						CreatedOnToolsVersion = 26.1.1;
						SystemCapabilities = {
							com.apple.GameCenter = {
								enabled = 1;
							};
						};
					};
					2D78FE3C2FCCF44B0063708B = {
						CreatedOnToolsVersion = 26.1.1;
						TestTargetID = 2D78FE2F2FCCF44A0063708B;
					};
					2D78FE462FCCF44B0063708B = {
						CreatedOnToolsVersion = 26.1.1;
						TestTargetID = 2D78FE2F2FCCF44A0063708B;
					};
				};
			};
			buildConfigurationList = 2D78FE2B2FCCF44A0063708B /* Build configuration list for PBXProject "Gravitas Plague" */;
			developmentRegion = en;
			hasScannedForEncodings = 0;
			knownRegions = (
				en,
				Base,
			);
			mainGroup = 2D78FE272FCCF44A0063708B;
			minimizedProjectReferenceProxies = 1;
			preferredProjectObjectVersion = 77;
			productRefGroup = 2D78FE312FCCF44A0063708B /* Products */;
			projectDirPath = "";
			projectRoot = "";
			targets = (
				2D78FE2F2FCCF44A0063708B /* Gravitas Plague */,
				2D78FE3C2FCCF44B0063708B /* Gravitas PlagueTests */,
				2D78FE462FCCF44B0063708B /* Gravitas PlagueUITests */,
			);
		};
/* End PBXProject section */

/* Begin PBXResourcesBuildPhase section */
		2D78FE2E2FCCF44A0063708B /* Resources */ = {
			isa = PBXResourcesBuildPhase;
			buildActionMask = 2147483647;
			files = (
				8E1A10012FCD000100000001 /* ../idle-01.usdz in Resources */,
				8E1A10022FCD000100000001 /* ../idle-turn-right-01.usdz in Resources */,
				8E1A100E2FCD000100000001 /* ../idle-turn-right-02.usdz in Resources */,
				8E1A10032FCD000100000001 /* ../unstable-walk.usdz in Resources */,
				8E1A10112FCD000100000001 /* ../dad_biped.usdz in Resources */,
				8E1A10302FCD000100000001 /* ../spouse_biped.usdz in Resources */,
				8E1A10322FCD000100000001 /* ../biker_biped.usdz in Resources */,
				8E1A10342FCD000100000001 /* ../grandma_biped.usdz in Resources */,
				8E1A102E2FCD000100000001 /* ../neighbor_biped.usdz in Resources */,
				8E1A103E2FCD000100000001 /* ../robot_biped.usdz in Resources */,
				8E1A10362FCD000100000001 /* ../plague_menu_ui_clean.png in Resources */,
				8E1A10382FCD000100000001 /* ../plague_menu_ui_mockup.png in Resources */,
				8E1A103A2FCD000100000001 /* ../plague_menu_horde_button.png in Resources */,
				8E1A103C2FCD000100000001 /* ../plague_menu_walk_button.png in Resources */,
				8E1A10412FCD000100000001 /* ../forest-overcast-01.ply in Resources */,
				8E1A10432FCD000100000001 /* ../forest-overcast-01.exr in Resources */,
				8E1A10452FCD000100000001 /* ../forest-night-01.ply in Resources */,
				8E1A10472FCD000100000001 /* ../forest-night-01.exr in Resources */,
				8E1A10492FCD000100000001 /* ../hellscape_01.exr in Resources */,
				8E1A104B2FCD000100000001 /* ../hellscape_groundplane.png in Resources */,
				8E1A104D2FCD000100000001 /* ../kill_switch_x.png in Resources */,
				8E1A10502FCD000100000001 /* ../trophy_sticker.png in Resources */,
				8E1A10612FCD000100000001 /* Gravitas Plague/PortalGlyphs in Resources */,
				8E1A10102FCD000100000001 /* Gravitas Plague/AnimationLibrary in Resources */,
				8E1A10132FCD000100000001 /* ../GravitasPlagueBackgroundLoop.wav in Resources */,
				8E1A10142FCD000100000001 /* ../Narrow-band-analog.wav in Resources */,
				8E1A10152FCD000100000001 /* ../Create_a_short_emerg_beeping.wav in Resources */,
				8E1A10162FCD000100000001 /* ../EmergencyBroadcast.mp3 in Resources */,
				8E1A10172FCD000100000001 /* ../face-punch_mixdown.wav in Resources */,
				8E1A101D2FCD000100000001 /* ../dad_breathing.wav in Resources */,
				8E1A10202FCD000100000001 /* ../damaged-01.wav in Resources */,
				8E1A10212FCD000100000001 /* ../damaged-02.wav in Resources */,
				8E1A10222FCD000100000001 /* ../damaged-03.wav in Resources */,
				8E1A10232FCD000100000001 /* ../damaged-04.wav in Resources */,
				8E1A10282FCD000100000001 /* ../die_01.wav in Resources */,
				8E1A10292FCD000100000001 /* ../die_02.wav in Resources */,
				8E1A102A2FCD000100000001 /* ../you_died.png in Resources */,
			);
			runOnlyForDeploymentPostprocessing = 0;
		};
		2D78FE3B2FCCF44B0063708B /* Resources */ = {
			isa = PBXResourcesBuildPhase;
			buildActionMask = 2147483647;
			files = (
			);
			runOnlyForDeploymentPostprocessing = 0;
		};
		2D78FE452FCCF44B0063708B /* Resources */ = {
			isa = PBXResourcesBuildPhase;
			buildActionMask = 2147483647;
			files = (
			);
			runOnlyForDeploymentPostprocessing = 0;
		};
/* End PBXResourcesBuildPhase section */

/* Begin PBXShellScriptBuildPhase section */
		8E1A10522FCD000100000001 /* Validate Character Audio Routing */ = {
			isa = PBXShellScriptBuildPhase;
			alwaysOutOfDate = 1;
			buildActionMask = 2147483647;
			files = (
			);
			inputFileListPaths = (
			);
			inputPaths = (
				"${SRCROOT}/Gravitas Plague",
				"${SRCROOT}/../Scripts/validate_character_audio_routing.sh",
			);
			name = "Validate Character Audio Routing";
			outputFileListPaths = (
			);
			outputPaths = (
			);
			runOnlyForDeploymentPostprocessing = 0;
			shellPath = /bin/bash;
			shellScript = "\"${SRCROOT}/../Scripts/validate_character_audio_routing.sh\"\n";
		};
/* End PBXShellScriptBuildPhase section */

/* Begin PBXSourcesBuildPhase section */
		2D78FE2C2FCCF44A0063708B /* Sources */ = {
			isa = PBXSourcesBuildPhase;
			buildActionMask = 2147483647;
			files = (
			);
			runOnlyForDeploymentPostprocessing = 0;
		};
		2D78FE392FCCF44B0063708B /* Sources */ = {
			isa = PBXSourcesBuildPhase;
			buildActionMask = 2147483647;
			files = (
			);
			runOnlyForDeploymentPostprocessing = 0;
		};
		2D78FE432FCCF44B0063708B /* Sources */ = {
			isa = PBXSourcesBuildPhase;
			buildActionMask = 2147483647;
			files = (
			);
			runOnlyForDeploymentPostprocessing = 0;
		};
/* End PBXSourcesBuildPhase section */

/* Begin PBXTargetDependency section */
		2D78FE3F2FCCF44B0063708B /* PBXTargetDependency */ = {
			isa = PBXTargetDependency;
			target = 2D78FE2F2FCCF44A0063708B /* Gravitas Plague */;
			targetProxy = 2D78FE3E2FCCF44B0063708B /* PBXContainerItemProxy */;
		};
		2D78FE492FCCF44B0063708B /* PBXTargetDependency */ = {
			isa = PBXTargetDependency;
			target = 2D78FE2F2FCCF44A0063708B /* Gravitas Plague */;
			targetProxy = 2D78FE482FCCF44B0063708B /* PBXContainerItemProxy */;
		};
/* End PBXTargetDependency section */

/* Begin XCBuildConfiguration section */
		2D78FE4F2FCCF44B0063708B /* Debug */ = {
			isa = XCBuildConfiguration;
			buildSettings = {
				ALWAYS_SEARCH_USER_PATHS = NO;
				ASSETCATALOG_COMPILER_GENERATE_SWIFT_ASSET_SYMBOL_EXTENSIONS = YES;
				CLANG_ANALYZER_NONNULL = YES;
				CLANG_ANALYZER_NUMBER_OBJECT_CONVERSION = YES_AGGRESSIVE;
				CLANG_CXX_LANGUAGE_STANDARD = "gnu++20";
				CLANG_ENABLE_MODULES = YES;
				CLANG_ENABLE_OBJC_ARC = YES;
				CLANG_ENABLE_OBJC_WEAK = YES;
				CLANG_WARN_BLOCK_CAPTURE_AUTORELEASING = YES;
				CLANG_WARN_BOOL_CONVERSION = YES;
				CLANG_WARN_COMMA = YES;
				CLANG_WARN_CONSTANT_CONVERSION = YES;
				CLANG_WARN_DEPRECATED_OBJC_IMPLEMENTATIONS = YES;
				CLANG_WARN_DIRECT_OBJC_ISA_USAGE = YES_ERROR;
				CLANG_WARN_DOCUMENTATION_COMMENTS = YES;
				CLANG_WARN_EMPTY_BODY = YES;
				CLANG_WARN_ENUM_CONVERSION = YES;
				CLANG_WARN_INFINITE_RECURSION = YES;
				CLANG_WARN_INT_CONVERSION = YES;
				CLANG_WARN_NON_LITERAL_NULL_CONVERSION = YES;
				CLANG_WARN_OBJC_IMPLICIT_RETAIN_SELF = YES;
				CLANG_WARN_OBJC_LITERAL_CONVERSION = YES;
				CLANG_WARN_OBJC_ROOT_CLASS = YES_ERROR;
				CLANG_WARN_QUOTED_INCLUDE_IN_FRAMEWORK_HEADER = YES;
				CLANG_WARN_RANGE_LOOP_ANALYSIS = YES;
				CLANG_WARN_STRICT_PROTOTYPES = YES;
				CLANG_WARN_SUSPICIOUS_MOVE = YES;
				CLANG_WARN_UNGUARDED_AVAILABILITY = YES_AGGRESSIVE;
				CLANG_WARN_UNREACHABLE_CODE = YES;
				CLANG_WARN__DUPLICATE_METHOD_MATCH = YES;
				COPY_PHASE_STRIP = NO;
				DEBUG_INFORMATION_FORMAT = dwarf;
				DEVELOPMENT_TEAM = X7LJQ9VB44;
				ENABLE_STRICT_OBJC_MSGSEND = YES;
				ENABLE_TESTABILITY = YES;
				ENABLE_USER_SCRIPT_SANDBOXING = YES;
				GCC_C_LANGUAGE_STANDARD = gnu17;
				GCC_DYNAMIC_NO_PIC = NO;
				GCC_NO_COMMON_BLOCKS = YES;
				GCC_OPTIMIZATION_LEVEL = 0;
				GCC_PREPROCESSOR_DEFINITIONS = (
					"DEBUG=1",
					"$(inherited)",
				);
				GCC_WARN_64_TO_32_BIT_CONVERSION = YES;
				GCC_WARN_ABOUT_RETURN_TYPE = YES_ERROR;
				GCC_WARN_UNDECLARED_SELECTOR = YES;
				GCC_WARN_UNINITIALIZED_AUTOS = YES_AGGRESSIVE;
				GCC_WARN_UNUSED_FUNCTION = YES;
				GCC_WARN_UNUSED_VARIABLE = YES;
				LOCALIZATION_PREFERS_STRING_CATALOGS = YES;
				MTL_ENABLE_DEBUG_INFO = INCLUDE_SOURCE;
				MTL_FAST_MATH = YES;
				ONLY_ACTIVE_ARCH = YES;
				SDKROOT = xros;
				SUPPORTED_PLATFORMS = "xros xrsimulator";
				SWIFT_ACTIVE_COMPILATION_CONDITIONS = "DEBUG $(inherited)";
				SWIFT_OPTIMIZATION_LEVEL = "-Onone";
				XROS_DEPLOYMENT_TARGET = 27;
			};
			name = Debug;
		};
		2D78FE502FCCF44B0063708B /* Release */ = {
			isa = XCBuildConfiguration;
			buildSettings = {
				ALWAYS_SEARCH_USER_PATHS = NO;
				ASSETCATALOG_COMPILER_GENERATE_SWIFT_ASSET_SYMBOL_EXTENSIONS = YES;
				CLANG_ANALYZER_NONNULL = YES;
				CLANG_ANALYZER_NUMBER_OBJECT_CONVERSION = YES_AGGRESSIVE;
				CLANG_CXX_LANGUAGE_STANDARD = "gnu++20";
				CLANG_ENABLE_MODULES = YES;
				CLANG_ENABLE_OBJC_ARC = YES;
				CLANG_ENABLE_OBJC_WEAK = YES;
				CLANG_WARN_BLOCK_CAPTURE_AUTORELEASING = YES;
				CLANG_WARN_BOOL_CONVERSION = YES;
				CLANG_WARN_COMMA = YES;
				CLANG_WARN_CONSTANT_CONVERSION = YES;
				CLANG_WARN_DEPRECATED_OBJC_IMPLEMENTATIONS = YES;
				CLANG_WARN_DIRECT_OBJC_ISA_USAGE = YES_ERROR;
				CLANG_WARN_DOCUMENTATION_COMMENTS = YES;
				CLANG_WARN_EMPTY_BODY = YES;
				CLANG_WARN_ENUM_CONVERSION = YES;
				CLANG_WARN_INFINITE_RECURSION = YES;
				CLANG_WARN_INT_CONVERSION = YES;
				CLANG_WARN_NON_LITERAL_NULL_CONVERSION = YES;
				CLANG_WARN_OBJC_IMPLICIT_RETAIN_SELF = YES;
				CLANG_WARN_OBJC_LITERAL_CONVERSION = YES;
				CLANG_WARN_OBJC_ROOT_CLASS = YES_ERROR;
				CLANG_WARN_QUOTED_INCLUDE_IN_FRAMEWORK_HEADER = YES;
				CLANG_WARN_RANGE_LOOP_ANALYSIS = YES;
				CLANG_WARN_STRICT_PROTOTYPES = YES;
				CLANG_WARN_SUSPICIOUS_MOVE = YES;
				CLANG_WARN_UNGUARDED_AVAILABILITY = YES_AGGRESSIVE;
				CLANG_WARN_UNREACHABLE_CODE = YES;
				CLANG_WARN__DUPLICATE_METHOD_MATCH = YES;
				COPY_PHASE_STRIP = NO;
				DEBUG_INFORMATION_FORMAT = "dwarf-with-dsym";
				DEVELOPMENT_TEAM = X7LJQ9VB44;
				ENABLE_NS_ASSERTIONS = NO;
				ENABLE_STRICT_OBJC_MSGSEND = YES;
				ENABLE_USER_SCRIPT_SANDBOXING = YES;
				GCC_C_LANGUAGE_STANDARD = gnu17;
				GCC_NO_COMMON_BLOCKS = YES;
				GCC_WARN_64_TO_32_BIT_CONVERSION = YES;
				GCC_WARN_ABOUT_RETURN_TYPE = YES_ERROR;
				GCC_WARN_UNDECLARED_SELECTOR = YES;
				GCC_WARN_UNINITIALIZED_AUTOS = YES_AGGRESSIVE;
				GCC_WARN_UNUSED_FUNCTION = YES;
				GCC_WARN_UNUSED_VARIABLE = YES;
				LOCALIZATION_PREFERS_STRING_CATALOGS = YES;
				MTL_ENABLE_DEBUG_INFO = NO;
				MTL_FAST_MATH = YES;
				SDKROOT = xros;
				SUPPORTED_PLATFORMS = "xros xrsimulator";
				SWIFT_COMPILATION_MODE = wholemodule;
				VALIDATE_PRODUCT = YES;
				XROS_DEPLOYMENT_TARGET = 27;
			};
			name = Release;
		};
		2D78FE522FCCF44B0063708B /* Debug */ = {
			isa = XCBuildConfiguration;
			buildSettings = {
				ASSETCATALOG_COMPILER_APPICON_NAME = AppIcon;
				ASSETCATALOG_COMPILER_GLOBAL_ACCENT_COLOR_NAME = AccentColor;
				CODE_SIGN_ENTITLEMENTS = "Gravitas Plague/Gravitas_Plague.entitlements";
				CODE_SIGN_STYLE = Automatic;
				CURRENT_PROJECT_VERSION = 12;
				DEVELOPMENT_TEAM = X7LJQ9VB44;
				ENABLE_PREVIEWS = YES;
				ENABLE_USER_SCRIPT_SANDBOXING = NO;
				GENERATE_INFOPLIST_FILE = YES;
				INFOPLIST_KEY_CFBundleDisplayName = "Gravitas Plague";
				INFOPLIST_KEY_NSHandsTrackingUsageDescription = "Gravitas Plague uses hand tracking to detect player interactions with nearby infected characters.";
				INFOPLIST_KEY_NSWorldSensingUsageDescription = "Gravitas Plague uses room and wall understanding to place mixed-reality gameplay props on real surfaces.";
				INFOPLIST_KEY_UIApplicationSceneManifest_Generation = YES;
				INFOPLIST_KEY_UIApplicationSupportsIndirectInputEvents = YES;
				INFOPLIST_KEY_UILaunchScreen_Generation = YES;
				INFOPLIST_KEY_UISupportedInterfaceOrientations_iPad = "UIInterfaceOrientationPortrait UIInterfaceOrientationPortraitUpsideDown UIInterfaceOrientationLandscapeLeft UIInterfaceOrientationLandscapeRight";
				INFOPLIST_KEY_UISupportedInterfaceOrientations_iPhone = "UIInterfaceOrientationPortrait UIInterfaceOrientationLandscapeLeft UIInterfaceOrientationLandscapeRight";
				LD_RUNPATH_SEARCH_PATHS = (
					"$(inherited)",
					"@executable_path/Frameworks",
				);
				MARKETING_VERSION = 2.2;
				PRODUCT_BUNDLE_IDENTIFIER = "GravitasDiscover.Gravitas-Plague";
				PRODUCT_NAME = "$(TARGET_NAME)";
				STRING_CATALOG_GENERATE_SYMBOLS = YES;
				SWIFT_APPROACHABLE_CONCURRENCY = YES;
				SWIFT_DEFAULT_ACTOR_ISOLATION = MainActor;
				SWIFT_EMIT_LOC_STRINGS = YES;
				SWIFT_UPCOMING_FEATURE_MEMBER_IMPORT_VISIBILITY = YES;
				SWIFT_VERSION = 5.0;
				TARGETED_DEVICE_FAMILY = 7;
				XROS_DEPLOYMENT_TARGET = 27;
			};
			name = Debug;
		};
		2D78FE532FCCF44B0063708B /* Release */ = {
			isa = XCBuildConfiguration;
			buildSettings = {
				ASSETCATALOG_COMPILER_APPICON_NAME = AppIcon;
				ASSETCATALOG_COMPILER_GLOBAL_ACCENT_COLOR_NAME = AccentColor;
				CODE_SIGN_ENTITLEMENTS = "Gravitas Plague/Gravitas_Plague.entitlements";
				CODE_SIGN_STYLE = Automatic;
				CURRENT_PROJECT_VERSION = 12;
				DEVELOPMENT_TEAM = X7LJQ9VB44;
				ENABLE_PREVIEWS = YES;
				ENABLE_USER_SCRIPT_SANDBOXING = NO;
				GENERATE_INFOPLIST_FILE = YES;
				INFOPLIST_KEY_CFBundleDisplayName = "Gravitas Plague";
				INFOPLIST_KEY_NSHandsTrackingUsageDescription = "Gravitas Plague uses hand tracking to detect player interactions with nearby infected characters.";
				INFOPLIST_KEY_NSWorldSensingUsageDescription = "Gravitas Plague uses room and wall understanding to place mixed-reality gameplay props on real surfaces.";
				INFOPLIST_KEY_UIApplicationSceneManifest_Generation = YES;
				INFOPLIST_KEY_UIApplicationSupportsIndirectInputEvents = YES;
				INFOPLIST_KEY_UILaunchScreen_Generation = YES;
				INFOPLIST_KEY_UISupportedInterfaceOrientations_iPad = "UIInterfaceOrientationPortrait UIInterfaceOrientationPortraitUpsideDown UIInterfaceOrientationLandscapeLeft UIInterfaceOrientationLandscapeRight";
				INFOPLIST_KEY_UISupportedInterfaceOrientations_iPhone = "UIInterfaceOrientationPortrait UIInterfaceOrientationLandscapeLeft UIInterfaceOrientationLandscapeRight";
				LD_RUNPATH_SEARCH_PATHS = (
					"$(inherited)",
					"@executable_path/Frameworks",
				);
				MARKETING_VERSION = 2.2;
				PRODUCT_BUNDLE_IDENTIFIER = "GravitasDiscover.Gravitas-Plague";
				PRODUCT_NAME = "$(TARGET_NAME)";
				STRING_CATALOG_GENERATE_SYMBOLS = YES;
				SWIFT_APPROACHABLE_CONCURRENCY = YES;
				SWIFT_DEFAULT_ACTOR_ISOLATION = MainActor;
				SWIFT_EMIT_LOC_STRINGS = YES;
				SWIFT_UPCOMING_FEATURE_MEMBER_IMPORT_VISIBILITY = YES;
				SWIFT_VERSION = 5.0;
				TARGETED_DEVICE_FAMILY = 7;
				XROS_DEPLOYMENT_TARGET = 27;
			};
			name = Release;
		};
		2D78FE552FCCF44B0063708B /* Debug */ = {
			isa = XCBuildConfiguration;
			buildSettings = {
				BUNDLE_LOADER = "$(TEST_HOST)";
				CODE_SIGN_STYLE = Automatic;
				CURRENT_PROJECT_VERSION = 1;
				DEVELOPMENT_TEAM = X7LJQ9VB44;
				GENERATE_INFOPLIST_FILE = YES;
				MARKETING_VERSION = 1.0;
				PRODUCT_BUNDLE_IDENTIFIER = "GravitasDiscover.Gravitas-PlagueTests";
				PRODUCT_NAME = "$(TARGET_NAME)";
				STRING_CATALOG_GENERATE_SYMBOLS = NO;
				SWIFT_APPROACHABLE_CONCURRENCY = YES;
				SWIFT_EMIT_LOC_STRINGS = NO;
				SWIFT_UPCOMING_FEATURE_MEMBER_IMPORT_VISIBILITY = YES;
				SWIFT_VERSION = 5.0;
				TARGETED_DEVICE_FAMILY = 7;
				TEST_HOST = "$(BUILT_PRODUCTS_DIR)/Gravitas Plague.app/$(BUNDLE_EXECUTABLE_FOLDER_PATH)/Gravitas Plague";
				XROS_DEPLOYMENT_TARGET = 27;
			};
			name = Debug;
		};
		2D78FE562FCCF44B0063708B /* Release */ = {
			isa = XCBuildConfiguration;
			buildSettings = {
				BUNDLE_LOADER = "$(TEST_HOST)";
				CODE_SIGN_STYLE = Automatic;
				CURRENT_PROJECT_VERSION = 1;
				DEVELOPMENT_TEAM = X7LJQ9VB44;
				GENERATE_INFOPLIST_FILE = YES;
				MARKETING_VERSION = 1.0;
				PRODUCT_BUNDLE_IDENTIFIER = "GravitasDiscover.Gravitas-PlagueTests";
				PRODUCT_NAME = "$(TARGET_NAME)";
				STRING_CATALOG_GENERATE_SYMBOLS = NO;
				SWIFT_APPROACHABLE_CONCURRENCY = YES;
				SWIFT_EMIT_LOC_STRINGS = NO;
				SWIFT_UPCOMING_FEATURE_MEMBER_IMPORT_VISIBILITY = YES;
				SWIFT_VERSION = 5.0;
				TARGETED_DEVICE_FAMILY = 7;
				TEST_HOST = "$(BUILT_PRODUCTS_DIR)/Gravitas Plague.app/$(BUNDLE_EXECUTABLE_FOLDER_PATH)/Gravitas Plague";
				XROS_DEPLOYMENT_TARGET = 27;
			};
			name = Release;
		};
		2D78FE582FCCF44B0063708B /* Debug */ = {
			isa = XCBuildConfiguration;
			buildSettings = {
				CODE_SIGN_STYLE = Automatic;
				CURRENT_PROJECT_VERSION = 1;
				DEVELOPMENT_TEAM = X7LJQ9VB44;
				GENERATE_INFOPLIST_FILE = YES;
				MARKETING_VERSION = 1.0;
				PRODUCT_BUNDLE_IDENTIFIER = "GravitasDiscover.Gravitas-PlagueUITests";
				PRODUCT_NAME = "$(TARGET_NAME)";
				STRING_CATALOG_GENERATE_SYMBOLS = NO;
				SWIFT_APPROACHABLE_CONCURRENCY = YES;
				SWIFT_EMIT_LOC_STRINGS = NO;
				SWIFT_UPCOMING_FEATURE_MEMBER_IMPORT_VISIBILITY = YES;
				SWIFT_VERSION = 5.0;
				TARGETED_DEVICE_FAMILY = 7;
				TEST_TARGET_NAME = "Gravitas Plague";
				XROS_DEPLOYMENT_TARGET = 27;
			};
			name = Debug;
		};
		2D78FE592FCCF44B0063708B /* Release */ = {
			isa = XCBuildConfiguration;
			buildSettings = {
				CODE_SIGN_STYLE = Automatic;
				CURRENT_PROJECT_VERSION = 1;
				DEVELOPMENT_TEAM = X7LJQ9VB44;
				GENERATE_INFOPLIST_FILE = YES;
				MARKETING_VERSION = 1.0;
				PRODUCT_BUNDLE_IDENTIFIER = "GravitasDiscover.Gravitas-PlagueUITests";
				PRODUCT_NAME = "$(TARGET_NAME)";
				STRING_CATALOG_GENERATE_SYMBOLS = NO;
				SWIFT_APPROACHABLE_CONCURRENCY = YES;
				SWIFT_EMIT_LOC_STRINGS = NO;
				SWIFT_UPCOMING_FEATURE_MEMBER_IMPORT_VISIBILITY = YES;
				SWIFT_VERSION = 5.0;
				TARGETED_DEVICE_FAMILY = 7;
				TEST_TARGET_NAME = "Gravitas Plague";
				XROS_DEPLOYMENT_TARGET = 27;
			};
			name = Release;
		};
/* End XCBuildConfiguration section */

/* Begin XCConfigurationList section */
		2D78FE2B2FCCF44A0063708B /* Build configuration list for PBXProject "Gravitas Plague" */ = {
			isa = XCConfigurationList;
			buildConfigurations = (
				2D78FE4F2FCCF44B0063708B /* Debug */,
				2D78FE502FCCF44B0063708B /* Release */,
			);
			defaultConfigurationIsVisible = 0;
			defaultConfigurationName = Release;
		};
		2D78FE512FCCF44B0063708B /* Build configuration list for PBXNativeTarget "Gravitas Plague" */ = {
			isa = XCConfigurationList;
			buildConfigurations = (
				2D78FE522FCCF44B0063708B /* Debug */,
				2D78FE532FCCF44B0063708B /* Release */,
			);
			defaultConfigurationIsVisible = 0;
			defaultConfigurationName = Release;
		};
		2D78FE542FCCF44B0063708B /* Build configuration list for PBXNativeTarget "Gravitas PlagueTests" */ = {
			isa = XCConfigurationList;
			buildConfigurations = (
				2D78FE552FCCF44B0063708B /* Debug */,
				2D78FE562FCCF44B0063708B /* Release */,
			);
			defaultConfigurationIsVisible = 0;
			defaultConfigurationName = Release;
		};
		2D78FE572FCCF44B0063708B /* Build configuration list for PBXNativeTarget "Gravitas PlagueUITests" */ = {
			isa = XCConfigurationList;
			buildConfigurations = (
				2D78FE582FCCF44B0063708B /* Debug */,
				2D78FE592FCCF44B0063708B /* Release */,
			);
			defaultConfigurationIsVisible = 0;
			defaultConfigurationName = Release;
		};
/* End XCConfigurationList section */
	};
	rootObject = 2D78FE282FCCF44A0063708B /* Project object */;
}
